# This file is autogenerated, do not edit; changes may be undone by the next 'dep ensure'.


[[projects]]
  branch = "master"
  name = "github.com/aclements/go-moremath"
  packages = ["mathx"]
  revision = "b1aff36309c727972dd8b46fcc93f88763a62348"

[[projects]]
  branch = "master"
  name = "github.com/dgryski/go-onlinestats"
  packages = ["."]
  revision = "1c7d1946876822b4a3a4b11b598e3aad1d05265e"

[[projects]]
  name = "github.com/google/gopacket"
  packages = [
    ".",
    "layers",
    "pcap",
    "tcpassembly",
    "tcpassembly/tcpreader"
  ]
  revision = "11c65f1ca9081dfea43b4f9643f5c155583b73ba"
  version = "v1.1.14"

[solve-meta]
  analyzer-name = "dep"
  analyzer-version = 1
  inputs-digest = "f3643ebb61cb9b391ef015e7ee033950be65157177129fc1fdb8a4ef61a16ef5"
  solver-name = "gps-cdcl"
  solver-version = 1
